
Microsoft Visual Studio Solution File, Format Version 12.00
# Visual Studio Version 17
VisualStudioVersion = 17.7.34202.233
MinimumVisualStudioVersion = 10.0.40219.1
Project("{FAE04EC0-301F-11D3-BF4B-00C04F79EFBC}") = "J3AMS.UI", "J3AMS.UI\J3AMS.UI.csproj", "{53F9DE0C-A8DA-4D2F-813F-A10F3A9EC98C}"
EndProject
Project("{FAE04EC0-301F-11D3-BF4B-00C04F79EFBC}") = "J3AMS.Common", "J3AMS.Data\J3AMS.Common.csproj", "{1B1D1024-D2D5-4430-99FE-E5F19B345561}"
EndProject
Project("{FAE04EC0-301F-11D3-BF4B-00C04F79EFBC}") = "J3AMS.Negocio", "J3AMS.Negocio\J3AMS.Negocio.csproj", "{5E7CDFE1-9F9F-40ED-92DA-B11C75CFBDF7}"
EndProject
Project("{FAE04EC0-301F-11D3-BF4B-00C04F79EFBC}") = "J3AMS.Dominio", "J3AMS.Dominio\J3AMS.Dominio.csproj", "{5F54CED0-142D-4FDB-8DA1-6E14FBF90A5C}"
EndProject
Project("{2150E333-8FDC-42A3-9474-1A3956D46DE8}") = "02.Negocio", "02.Negocio", "{D26EC637-DEC0-47A1-8CD0-39E9F63EB854}"
EndProject
Project("{2150E333-8FDC-42A3-9474-1A3956D46DE8}") = "01.Cliente", "01.Cliente", "{E92C4ADF-25CB-41F9-BD4C-DF83A5D52535}"
EndProject
Project("{2150E333-8FDC-42A3-9474-1A3956D46DE8}") = "03.Dominio", "03.Dominio", "{FB92B11E-05DC-4222-9A0B-C1223B0935E1}"
EndProject
Project("{2150E333-8FDC-42A3-9474-1A3956D46DE8}") = "04.UnitOfWork", "04.UnitOfWork", "{FE41E9FF-611C-44E7-A0FD-DA64C07D6838}"
EndProject
Project("{2150E333-8FDC-42A3-9474-1A3956D46DE8}") = "06.Common", "06.Common", "{4D76EC40-CF1A-41F7-801E-EF9CF8A75B2E}"
EndProject
Project("{2150E333-8FDC-42A3-9474-1A3956D46DE8}") = "05.Repository", "05.Repository", "{644C2A78-4112-4DB3-90BB-3584BF521ACF}"
EndProject
Project("{FAE04EC0-301F-11D3-BF4B-00C04F79EFBC}") = "UnitOfWork.Interfaces", "UnitOfWork.Interface\UnitOfWork.Interfaces.csproj", "{CF7A8D5C-9B7A-449A-A3C1-370BD4DB0180}"
EndProject
Project("{FAE04EC0-301F-11D3-BF4B-00C04F79EFBC}") = "UnitOfWork.SqlServer", "UnitOfWork.SqlServer\UnitOfWork.SqlServer.csproj", "{D7006C2E-4828-41A6-AE2B-85BBBA159F31}"
EndProject
Project("{FAE04EC0-301F-11D3-BF4B-00C04F79EFBC}") = "Repository.Interface", "Repository.Interface\Repository.Interface.csproj", "{D832F6E9-5205-46A2-8D99-5EEDB61A6E5C}"
EndProject
Project("{FAE04EC0-301F-11D3-BF4B-00C04F79EFBC}") = "Repository.SqlServer", "Repository.SqlServer\Repository.SqlServer.csproj", "{993B27DD-49F7-4893-9448-18A2D22B8873}"
EndProject
Global
	GlobalSection(SolutionConfigurationPlatforms) = preSolution
		Debug|Any CPU = Debug|Any CPU
		Release|Any CPU = Release|Any CPU
	EndGlobalSection
	GlobalSection(ProjectConfigurationPlatforms) = postSolution
		{53F9DE0C-A8DA-4D2F-813F-A10F3A9EC98C}.Debug|Any CPU.ActiveCfg = Debug|Any CPU
		{53F9DE0C-A8DA-4D2F-813F-A10F3A9EC98C}.Debug|Any CPU.Build.0 = Debug|Any CPU
		{53F9DE0C-A8DA-4D2F-813F-A10F3A9EC98C}.Release|Any CPU.ActiveCfg = Release|Any CPU
		{53F9DE0C-A8DA-4D2F-813F-A10F3A9EC98C}.Release|Any CPU.Build.0 = Release|Any CPU
		{1B1D1024-D2D5-4430-99FE-E5F19B345561}.Debug|Any CPU.ActiveCfg = Debug|Any CPU
		{1B1D1024-D2D5-4430-99FE-E5F19B345561}.Debug|Any CPU.Build.0 = Debug|Any CPU
		{1B1D1024-D2D5-4430-99FE-E5F19B345561}.Release|Any CPU.ActiveCfg = Release|Any CPU
		{1B1D1024-D2D5-4430-99FE-E5F19B345561}.Release|Any CPU.Build.0 = Release|Any CPU
		{5E7CDFE1-9F9F-40ED-92DA-B11C75CFBDF7}.Debug|Any CPU.ActiveCfg = Debug|Any CPU
		{5E7CDFE1-9F9F-40ED-92DA-B11C75CFBDF7}.Debug|Any CPU.Build.0 = Debug|Any CPU
		{5E7CDFE1-9F9F-40ED-92DA-B11C75CFBDF7}.Release|Any CPU.ActiveCfg = Release|Any CPU
		{5E7CDFE1-9F9F-40ED-92DA-B11C75CFBDF7}.Release|Any CPU.Build.0 = Release|Any CPU
		{5F54CED0-142D-4FDB-8DA1-6E14FBF90A5C}.Debug|Any CPU.ActiveCfg = Debug|Any CPU
		{5F54CED0-142D-4FDB-8DA1-6E14FBF90A5C}.Debug|Any CPU.Build.0 = Debug|Any CPU
		{5F54CED0-142D-4FDB-8DA1-6E14FBF90A5C}.Release|Any CPU.ActiveCfg = Release|Any CPU
		{5F54CED0-142D-4FDB-8DA1-6E14FBF90A5C}.Release|Any CPU.Build.0 = Release|Any CPU
		{CF7A8D5C-9B7A-449A-A3C1-370BD4DB0180}.Debug|Any CPU.ActiveCfg = Debug|Any CPU
		{CF7A8D5C-9B7A-449A-A3C1-370BD4DB0180}.Debug|Any CPU.Build.0 = Debug|Any CPU
		{CF7A8D5C-9B7A-449A-A3C1-370BD4DB0180}.Release|Any CPU.ActiveCfg = Release|Any CPU
		{CF7A8D5C-9B7A-449A-A3C1-370BD4DB0180}.Release|Any CPU.Build.0 = Release|Any CPU
		{D7006C2E-4828-41A6-AE2B-85BBBA159F31}.Debug|Any CPU.ActiveCfg = Debug|Any CPU
		{D7006C2E-4828-41A6-AE2B-85BBBA159F31}.Debug|Any CPU.Build.0 = Debug|Any CPU
		{D7006C2E-4828-41A6-AE2B-85BBBA159F31}.Release|Any CPU.ActiveCfg = Release|Any CPU
		{D7006C2E-4828-41A6-AE2B-85BBBA159F31}.Release|Any CPU.Build.0 = Release|Any CPU
		{D832F6E9-5205-46A2-8D99-5EEDB61A6E5C}.Debug|Any CPU.ActiveCfg = Debug|Any CPU
		{D832F6E9-5205-46A2-8D99-5EEDB61A6E5C}.Debug|Any CPU.Build.0 = Debug|Any CPU
		{D832F6E9-5205-46A2-8D99-5EEDB61A6E5C}.Release|Any CPU.ActiveCfg = Release|Any CPU
		{D832F6E9-5205-46A2-8D99-5EEDB61A6E5C}.Release|Any CPU.Build.0 = Release|Any CPU
		{993B27DD-49F7-4893-9448-18A2D22B8873}.Debug|Any CPU.ActiveCfg = Debug|Any CPU
		{993B27DD-49F7-4893-9448-18A2D22B8873}.Debug|Any CPU.Build.0 = Debug|Any CPU
		{993B27DD-49F7-4893-9448-18A2D22B8873}.Release|Any CPU.ActiveCfg = Release|Any CPU
		{993B27DD-49F7-4893-9448-18A2D22B8873}.Release|Any CPU.Build.0 = Release|Any CPU
	EndGlobalSection
	GlobalSection(SolutionProperties) = preSolution
		HideSolutionNode = FALSE
	EndGlobalSection
	GlobalSection(NestedProjects) = preSolution
		{53F9DE0C-A8DA-4D2F-813F-A10F3A9EC98C} = {E92C4ADF-25CB-41F9-BD4C-DF83A5D52535}
		{1B1D1024-D2D5-4430-99FE-E5F19B345561} = {4D76EC40-CF1A-41F7-801E-EF9CF8A75B2E}
		{5E7CDFE1-9F9F-40ED-92DA-B11C75CFBDF7} = {D26EC637-DEC0-47A1-8CD0-39E9F63EB854}
		{5F54CED0-142D-4FDB-8DA1-6E14FBF90A5C} = {FB92B11E-05DC-4222-9A0B-C1223B0935E1}
		{CF7A8D5C-9B7A-449A-A3C1-370BD4DB0180} = {FE41E9FF-611C-44E7-A0FD-DA64C07D6838}
		{D7006C2E-4828-41A6-AE2B-85BBBA159F31} = {FE41E9FF-611C-44E7-A0FD-DA64C07D6838}
		{D832F6E9-5205-46A2-8D99-5EEDB61A6E5C} = {644C2A78-4112-4DB3-90BB-3584BF521ACF}
		{993B27DD-49F7-4893-9448-18A2D22B8873} = {644C2A78-4112-4DB3-90BB-3584BF521ACF}
	EndGlobalSection
	GlobalSection(ExtensibilityGlobals) = postSolution
		SolutionGuid = {E896298C-AA22-4F2F-9FE3-CE3CF6DE7873}
	EndGlobalSection
EndGlobal
